
Microsoft Visual Studio Solution File, Format Version 12.00
# Visual Studio 14
VisualStudioVersion = 14.0.24720.0
MinimumVisualStudioVersion = 10.0.40219.1
Project("{FAE04EC0-301F-11D3-BF4B-00C04F79EFBC}") = "MentoringD1D2.Module2.Task1.Attributes", "MentoringD1D2.Module2.Task1.Attributes\MentoringD1D2.Module2.Task1.Attributes.csproj", "{B6D3DE1B-6E5E-4BB7-AB9E-19E31D5ADE64}"
EndProject
Project("{FAE04EC0-301F-11D3-BF4B-00C04F79EFBC}") = "MentoringD1D2.Module2.Task1.Helpers", "MentoringD1D2.Module2.Task1.Helpers\MentoringD1D2.Module2.Task1.Helpers.csproj", "{D510391A-DE01-4419-899D-723B7AB5D36A}"
EndProject
Project("{FAE04EC0-301F-11D3-BF4B-00C04F79EFBC}") = "MentoringD1D2.Module2.Task1.Logger", "MentoringD1D2.Module2.Task1.Logger\MentoringD1D2.Module2.Task1.Logger.csproj", "{10CE5B1F-E075-40CF-9BB1-F5C889D6F545}"
EndProject
Project("{FAE04EC0-301F-11D3-BF4B-00C04F79EFBC}") = "MentoringD1D2.Module2.Task1.Tests", "MentoringD1D2.Module2.Task1.Tests\MentoringD1D2.Module2.Task1.Tests.csproj", "{54B1B12F-ADB1-419F-881E-693389467112}"
EndProject
Project("{FAE04EC0-301F-11D3-BF4B-00C04F79EFBC}") = "MentoringD1D2.Module2.Task1", "MentoringD1D2.Module2.Task1\MentoringD1D2.Module2.Task1.csproj", "{ABA985F4-D4EB-4CA7-91AC-A4F800B9E36D}"
EndProject
Global
	GlobalSection(SolutionConfigurationPlatforms) = preSolution
		Debug|Any CPU = Debug|Any CPU
		Release|Any CPU = Release|Any CPU
	EndGlobalSection
	GlobalSection(ProjectConfigurationPlatforms) = postSolution
		{B6D3DE1B-6E5E-4BB7-AB9E-19E31D5ADE64}.Debug|Any CPU.ActiveCfg = Debug|Any CPU
		{B6D3DE1B-6E5E-4BB7-AB9E-19E31D5ADE64}.Debug|Any CPU.Build.0 = Debug|Any CPU
		{B6D3DE1B-6E5E-4BB7-AB9E-19E31D5ADE64}.Release|Any CPU.ActiveCfg = Release|Any CPU
		{B6D3DE1B-6E5E-4BB7-AB9E-19E31D5ADE64}.Release|Any CPU.Build.0 = Release|Any CPU
		{D510391A-DE01-4419-899D-723B7AB5D36A}.Debug|Any CPU.ActiveCfg = Debug|Any CPU
		{D510391A-DE01-4419-899D-723B7AB5D36A}.Debug|Any CPU.Build.0 = Debug|Any CPU
		{D510391A-DE01-4419-899D-723B7AB5D36A}.Release|Any CPU.ActiveCfg = Release|Any CPU
		{D510391A-DE01-4419-899D-723B7AB5D36A}.Release|Any CPU.Build.0 = Release|Any CPU
		{10CE5B1F-E075-40CF-9BB1-F5C889D6F545}.Debug|Any CPU.ActiveCfg = Debug|Any CPU
		{10CE5B1F-E075-40CF-9BB1-F5C889D6F545}.Debug|Any CPU.Build.0 = Debug|Any CPU
		{10CE5B1F-E075-40CF-9BB1-F5C889D6F545}.Release|Any CPU.ActiveCfg = Release|Any CPU
		{10CE5B1F-E075-40CF-9BB1-F5C889D6F545}.Release|Any CPU.Build.0 = Release|Any CPU
		{54B1B12F-ADB1-419F-881E-693389467112}.Debug|Any CPU.ActiveCfg = Debug|Any CPU
		{54B1B12F-ADB1-419F-881E-693389467112}.Debug|Any CPU.Build.0 = Debug|Any CPU
		{54B1B12F-ADB1-419F-881E-693389467112}.Release|Any CPU.ActiveCfg = Release|Any CPU
		{54B1B12F-ADB1-419F-881E-693389467112}.Release|Any CPU.Build.0 = Release|Any CPU
		{ABA985F4-D4EB-4CA7-91AC-A4F800B9E36D}.Debug|Any CPU.ActiveCfg = Debug|Any CPU
		{ABA985F4-D4EB-4CA7-91AC-A4F800B9E36D}.Debug|Any CPU.Build.0 = Debug|Any CPU
		{ABA985F4-D4EB-4CA7-91AC-A4F800B9E36D}.Release|Any CPU.ActiveCfg = Release|Any CPU
		{ABA985F4-D4EB-4CA7-91AC-A4F800B9E36D}.Release|Any CPU.Build.0 = Release|Any CPU
	EndGlobalSection
	GlobalSection(SolutionProperties) = preSolution
		HideSolutionNode = FALSE
	EndGlobalSection
EndGlobal
